
Microsoft Visual Studio Solution File, Format Version 12.00
# Visual Studio Version 17
VisualStudioVersion = 17.10.35027.167
MinimumVisualStudioVersion = 10.0.40219.1
Project("{FAE04EC0-301F-11D3-BF4B-00C04F79EFBC}") = "EcomQLDM", "EcomQLDM\EcomQLDM.csproj", "{CA33FC23-9BF0-46AD-A70A-5D7A826F9D4E}"
EndProject
Global
	GlobalSection(SolutionConfigurationPlatforms) = preSolution
		Debug|Any CPU = Debug|Any CPU
		Release|Any CPU = Release|Any CPU
	EndGlobalSection
	GlobalSection(ProjectConfigurationPlatforms) = postSolution
		{CA33FC23-9BF0-46AD-A70A-5D7A826F9D4E}.Debug|Any CPU.ActiveCfg = Debug|Any CPU
		{CA33FC23-9BF0-46AD-A70A-5D7A826F9D4E}.Debug|Any CPU.Build.0 = Debug|Any CPU
		{CA33FC23-9BF0-46AD-A70A-5D7A826F9D4E}.Release|Any CPU.ActiveCfg = Release|Any CPU
		{CA33FC23-9BF0-46AD-A70A-5D7A826F9D4E}.Release|Any CPU.Build.0 = Release|Any CPU
	EndGlobalSection
	GlobalSection(SolutionProperties) = preSolution
		HideSolutionNode = FALSE
	EndGlobalSection
	GlobalSection(ExtensibilityGlobals) = postSolution
		SolutionGuid = {7C524473-C870-40E2-8B0B-B1313B84D8F0}
	EndGlobalSection
EndGlobal
